
Microsoft Visual Studio Solution File, Format Version 12.00
# Visual Studio Version 17
VisualStudioVersion = 17.7.34031.279
MinimumVisualStudioVersion = 10.0.40219.1
Project("{9A19103F-16F7-4668-BE54-9A1E7A4F7556}") = "StrengthStrive", "StrengthStrive\StrengthStrive.csproj", "{20F8157A-2257-4463-98C3-D9DA2EFE0581}"
EndProject
Project("{9A19103F-16F7-4668-BE54-9A1E7A4F7556}") = "StrengthStrive_DAL", "StrengthStrive_DAL\StrengthStrive_DAL.csproj", "{87155C76-7B78-4720-BFDC-FA455F15110E}"
EndProject
Project("{9A19103F-16F7-4668-BE54-9A1E7A4F7556}") = "StrengthStrive_Logic", "StrengthStrive_Logic\StrengthStrive_Logic.csproj", "{59E4102B-4DA6-4628-B1D1-C85C4172A148}"
EndProject
Project("{FAE04EC0-301F-11D3-BF4B-00C04F79EFBC}") = "Interfaces", "Interfaces\Interfaces.csproj", "{9B8E1968-9CD0-4016-AD58-48237841C015}"
EndProject
Project("{FAE04EC0-301F-11D3-BF4B-00C04F79EFBC}") = "StrengthStrive_LogicTests", "StrengthStrive_LogicTests\StrengthStrive_LogicTests.csproj", "{2FE8668D-6C11-4211-9B18-91AC62F5CB97}"
EndProject
Global
	GlobalSection(SolutionConfigurationPlatforms) = preSolution
		Debug|Any CPU = Debug|Any CPU
		Release|Any CPU = Release|Any CPU
	EndGlobalSection
	GlobalSection(ProjectConfigurationPlatforms) = postSolution
		{20F8157A-2257-4463-98C3-D9DA2EFE0581}.Debug|Any CPU.ActiveCfg = Debug|Any CPU
		{20F8157A-2257-4463-98C3-D9DA2EFE0581}.Debug|Any CPU.Build.0 = Debug|Any CPU
		{20F8157A-2257-4463-98C3-D9DA2EFE0581}.Release|Any CPU.ActiveCfg = Release|Any CPU
		{20F8157A-2257-4463-98C3-D9DA2EFE0581}.Release|Any CPU.Build.0 = Release|Any CPU
		{87155C76-7B78-4720-BFDC-FA455F15110E}.Debug|Any CPU.ActiveCfg = Debug|Any CPU
		{87155C76-7B78-4720-BFDC-FA455F15110E}.Debug|Any CPU.Build.0 = Debug|Any CPU
		{87155C76-7B78-4720-BFDC-FA455F15110E}.Release|Any CPU.ActiveCfg = Release|Any CPU
		{87155C76-7B78-4720-BFDC-FA455F15110E}.Release|Any CPU.Build.0 = Release|Any CPU
		{59E4102B-4DA6-4628-B1D1-C85C4172A148}.Debug|Any CPU.ActiveCfg = Debug|Any CPU
		{59E4102B-4DA6-4628-B1D1-C85C4172A148}.Debug|Any CPU.Build.0 = Debug|Any CPU
		{59E4102B-4DA6-4628-B1D1-C85C4172A148}.Release|Any CPU.ActiveCfg = Release|Any CPU
		{59E4102B-4DA6-4628-B1D1-C85C4172A148}.Release|Any CPU.Build.0 = Release|Any CPU
		{9B8E1968-9CD0-4016-AD58-48237841C015}.Debug|Any CPU.ActiveCfg = Debug|Any CPU
		{9B8E1968-9CD0-4016-AD58-48237841C015}.Debug|Any CPU.Build.0 = Debug|Any CPU
		{9B8E1968-9CD0-4016-AD58-48237841C015}.Release|Any CPU.ActiveCfg = Release|Any CPU
		{9B8E1968-9CD0-4016-AD58-48237841C015}.Release|Any CPU.Build.0 = Release|Any CPU
		{2FE8668D-6C11-4211-9B18-91AC62F5CB97}.Debug|Any CPU.ActiveCfg = Debug|Any CPU
		{2FE8668D-6C11-4211-9B18-91AC62F5CB97}.Debug|Any CPU.Build.0 = Debug|Any CPU
		{2FE8668D-6C11-4211-9B18-91AC62F5CB97}.Release|Any CPU.ActiveCfg = Release|Any CPU
		{2FE8668D-6C11-4211-9B18-91AC62F5CB97}.Release|Any CPU.Build.0 = Release|Any CPU
	EndGlobalSection
	GlobalSection(SolutionProperties) = preSolution
		HideSolutionNode = FALSE
	EndGlobalSection
	GlobalSection(ExtensibilityGlobals) = postSolution
		SolutionGuid = {6119D1A2-CCB6-435E-9B5C-D30AA593EFA5}
	EndGlobalSection
EndGlobal
